// !$*UTF8*$!
{
	archiveVersion = 1;
	classes = {
	};
	objectVersion = 46;
	objects = {

/* Begin PBXBuildFile section */
		BA3A47E51D9E431900DDFDBC /* BookViewController.swift in Sources */ = {isa = PBXBuildFile; fileRef = BA3A47E31D9E431900DDFDBC /* BookViewController.swift */; };
		BA3A47E61D9E431900DDFDBC /* BookViewController.xib in Resources */ = {isa = PBXBuildFile; fileRef = BA3A47E41D9E431900DDFDBC /* BookViewController.xib */; };
		BA3A47E81D9E433500DDFDBC /* AnnotationsCollectionViewController.swift in Sources */ = {isa = PBXBuildFile; fileRef = BA3A47E71D9E433500DDFDBC /* AnnotationsCollectionViewController.swift */; };
		BA3A47EB1D9E434F00DDFDBC /* AnnotationViewController.swift in Sources */ = {isa = PBXBuildFile; fileRef = BA3A47E91D9E434F00DDFDBC /* AnnotationViewController.swift */; };
		BA3A47EC1D9E434F00DDFDBC /* AnnotationViewController.xib in Resources */ = {isa = PBXBuildFile; fileRef = BA3A47EA1D9E434F00DDFDBC /* AnnotationViewController.xib */; };
		BA3CB7F41D9C3FC600FA7C6D /* String.swift in Sources */ = {isa = PBXBuildFile; fileRef = BA3CB7F31D9C3FC600FA7C6D /* String.swift */; };
		BA3CB7F71D9C407C00FA7C6D /* PresentationViewController.swift in Sources */ = {isa = PBXBuildFile; fileRef = BA3CB7F51D9C407C00FA7C6D /* PresentationViewController.swift */; };
		BA3CB7F81D9C407C00FA7C6D /* PresentationViewController.xib in Resources */ = {isa = PBXBuildFile; fileRef = BA3CB7F61D9C407C00FA7C6D /* PresentationViewController.xib */; };
		BA3CB7FA1D9C419D00FA7C6D /* Presentation.jpg in Resources */ = {isa = PBXBuildFile; fileRef = BA3CB7F91D9C419D00FA7C6D /* Presentation.jpg */; };
		BA3CEB821DA184A60053C047 /* PdfViewController.swift in Sources */ = {isa = PBXBuildFile; fileRef = BA3CEB801DA184A60053C047 /* PdfViewController.swift */; };
		BA3CEB831DA184A60053C047 /* PdfViewController.xib in Resources */ = {isa = PBXBuildFile; fileRef = BA3CEB811DA184A60053C047 /* PdfViewController.xib */; };
		BA3CEB881DA1853D0053C047 /* PhotoViewController.swift in Sources */ = {isa = PBXBuildFile; fileRef = BA3CEB861DA1853D0053C047 /* PhotoViewController.swift */; };
		BA3CEB891DA1853D0053C047 /* PhotoViewController.xib in Resources */ = {isa = PBXBuildFile; fileRef = BA3CEB871DA1853D0053C047 /* PhotoViewController.xib */; };
		BA4539621D9AF7CC007C0B0A /* BooksTableViewController.swift in Sources */ = {isa = PBXBuildFile; fileRef = BA4539611D9AF7CC007C0B0A /* BooksTableViewController.swift */; };
		BA4539641D9B054A007C0B0A /* Controllers.swift in Sources */ = {isa = PBXBuildFile; fileRef = BA4539631D9B054A007C0B0A /* Controllers.swift */; };
		BA965B2F1D9A64FC0095756B /* Realm.framework in Frameworks */ = {isa = PBXBuildFile; fileRef = BA965B2D1D9A64FC0095756B /* Realm.framework */; };
		BA965B301D9A64FC0095756B /* Realm.framework in Embed Frameworks */ = {isa = PBXBuildFile; fileRef = BA965B2D1D9A64FC0095756B /* Realm.framework */; settings = {ATTRIBUTES = (CodeSignOnCopy, RemoveHeadersOnCopy, ); }; };
		BA965B311D9A64FC0095756B /* RealmSwift.framework in Frameworks */ = {isa = PBXBuildFile; fileRef = BA965B2E1D9A64FC0095756B /* RealmSwift.framework */; };
		BA965B321D9A64FC0095756B /* RealmSwift.framework in Embed Frameworks */ = {isa = PBXBuildFile; fileRef = BA965B2E1D9A64FC0095756B /* RealmSwift.framework */; settings = {ATTRIBUTES = (CodeSignOnCopy, RemoveHeadersOnCopy, ); }; };
		BA965B351D9A68A70095756B /* Book.swift in Sources */ = {isa = PBXBuildFile; fileRef = BA965B341D9A68A70095756B /* Book.swift */; };
		BAAACE6C1DA13180005A6050 /* noImage.png in Resources */ = {isa = PBXBuildFile; fileRef = BAAACE6B1DA13180005A6050 /* noImage.png */; };
		BAAACE731DA131CC005A6050 /* NoteCollectionViewCell.swift in Sources */ = {isa = PBXBuildFile; fileRef = BAAACE711DA131CC005A6050 /* NoteCollectionViewCell.swift */; };
		BAAACE741DA131CC005A6050 /* NoteCollectionViewCell.xib in Resources */ = {isa = PBXBuildFile; fileRef = BAAACE721DA131CC005A6050 /* NoteCollectionViewCell.xib */; };
		BAC28BCE1D9D986600138792 /* BookTableViewCell.swift in Sources */ = {isa = PBXBuildFile; fileRef = BAC28BCC1D9D986600138792 /* BookTableViewCell.swift */; };
		BAC28BCF1D9D986600138792 /* BookTableViewCell.xib in Resources */ = {isa = PBXBuildFile; fileRef = BAC28BCD1D9D986600138792 /* BookTableViewCell.xib */; };
		BAE994AD1D9ACE310078F910 /* Tag.swift in Sources */ = {isa = PBXBuildFile; fileRef = BAE994AC1D9ACE310078F910 /* Tag.swift */; };
		BAE994AF1D9ACE3D0078F910 /* Annotation.swift in Sources */ = {isa = PBXBuildFile; fileRef = BAE994AE1D9ACE3D0078F910 /* Annotation.swift */; };
		BAE994B11D9ACE470078F910 /* Location.swift in Sources */ = {isa = PBXBuildFile; fileRef = BAE994B01D9ACE470078F910 /* Location.swift */; };
		BAE994B31D9ACE500078F910 /* Cover.swift in Sources */ = {isa = PBXBuildFile; fileRef = BAE994B21D9ACE500078F910 /* Cover.swift */; };
		BAE994B51D9ACE570078F910 /* Pdf.swift in Sources */ = {isa = PBXBuildFile; fileRef = BAE994B41D9ACE570078F910 /* Pdf.swift */; };
		BAE994B71D9ACE610078F910 /* Photo.swift in Sources */ = {isa = PBXBuildFile; fileRef = BAE994B61D9ACE610078F910 /* Photo.swift */; };
		BAE994B91D9ACE6B0078F910 /* Author.swift in Sources */ = {isa = PBXBuildFile; fileRef = BAE994B81D9ACE6B0078F910 /* Author.swift */; };
		BAE994BB1D9ADA7F0078F910 /* JsonProcessings.swift in Sources */ = {isa = PBXBuildFile; fileRef = BAE994BA1D9ADA7F0078F910 /* JsonProcessings.swift */; };
		ED0788C51D60E07D00C4773C /* TagTests.swift in Sources */ = {isa = PBXBuildFile; fileRef = ED0788C41D60E07D00C4773C /* TagTests.swift */; };
		ED0788C71D60E2AF00C4773C /* BookTests.swift in Sources */ = {isa = PBXBuildFile; fileRef = ED0788C61D60E2AF00C4773C /* BookTests.swift */; };
		ED8E54011D359AB100DD8F94 /* AppDelegate.swift in Sources */ = {isa = PBXBuildFile; fileRef = ED8E54001D359AB100DD8F94 /* AppDelegate.swift */; };
		ED8E540A1D359AB100DD8F94 /* Assets.xcassets in Resources */ = {isa = PBXBuildFile; fileRef = ED8E54091D359AB100DD8F94 /* Assets.xcassets */; };
		ED8E540D1D359AB100DD8F94 /* LaunchScreen.storyboard in Resources */ = {isa = PBXBuildFile; fileRef = ED8E540B1D359AB100DD8F94 /* LaunchScreen.storyboard */; };
		ED8E54231D359AB100DD8F94 /* HackerBooksLiteUITests.swift in Sources */ = {isa = PBXBuildFile; fileRef = ED8E54221D359AB100DD8F94 /* HackerBooksLiteUITests.swift */; };
		EDB3AE6C1D67E2000023A807 /* books_readable.json in Resources */ = {isa = PBXBuildFile; fileRef = EDB3AE6B1D67E2000023A807 /* books_readable.json */; };
		EDB3AE6D1D67E2000023A807 /* books_readable.json in Resources */ = {isa = PBXBuildFile; fileRef = EDB3AE6B1D67E2000023A807 /* books_readable.json */; };
		EDB3AE741D67F5ED0023A807 /* JSONTests.swift in Sources */ = {isa = PBXBuildFile; fileRef = EDB3AE731D67F5ED0023A807 /* JSONTests.swift */; };
		EDB3AE761D68048D0023A807 /* emptyBookCover.png in Resources */ = {isa = PBXBuildFile; fileRef = EDB3AE751D68048D0023A807 /* emptyBookCover.png */; };
		EDB3AE771D68048D0023A807 /* emptyBookCover.png in Resources */ = {isa = PBXBuildFile; fileRef = EDB3AE751D68048D0023A807 /* emptyBookCover.png */; };
		EDB3AE791D6805230023A807 /* emptyPdf.pdf in Resources */ = {isa = PBXBuildFile; fileRef = EDB3AE781D6805230023A807 /* emptyPdf.pdf */; };
		EDB3AE7A1D6805230023A807 /* emptyPdf.pdf in Resources */ = {isa = PBXBuildFile; fileRef = EDB3AE781D6805230023A807 /* emptyPdf.pdf */; };
		EDB3AE7D1D6A6E370023A807 /* book.json in Resources */ = {isa = PBXBuildFile; fileRef = EDB3AE7C1D6A6E370023A807 /* book.json */; };
		EDB3AE7F1D6A79190023A807 /* LibraryTests.swift in Sources */ = {isa = PBXBuildFile; fileRef = EDB3AE7E1D6A79190023A807 /* LibraryTests.swift */; };
		EDB3AE811D6A96F00023A807 /* Targaryen.png in Resources */ = {isa = PBXBuildFile; fileRef = EDB3AE801D6A96F00023A807 /* Targaryen.png */; };
		EDC9E1791D4A724D00E4D047 /* MultiDictionaryTests.swift in Sources */ = {isa = PBXBuildFile; fileRef = EDC9E1781D4A724D00E4D047 /* MultiDictionaryTests.swift */; };
		EDC9E1821D4BB39700E4D047 /* SetAndDictTests.swift in Sources */ = {isa = PBXBuildFile; fileRef = EDC9E1811D4BB39700E4D047 /* SetAndDictTests.swift */; };
/* End PBXBuildFile section */

/* Begin PBXContainerItemProxy section */
		ED8E54141D359AB100DD8F94 /* PBXContainerItemProxy */ = {
			isa = PBXContainerItemProxy;
			containerPortal = ED8E53F51D359AB100DD8F94 /* Project object */;
			proxyType = 1;
			remoteGlobalIDString = ED8E53FC1D359AB100DD8F94;
			remoteInfo = HackerBooksLite;
		};
		ED8E541F1D359AB100DD8F94 /* PBXContainerItemProxy */ = {
			isa = PBXContainerItemProxy;
			containerPortal = ED8E53F51D359AB100DD8F94 /* Project object */;
			proxyType = 1;
			remoteGlobalIDString = ED8E53FC1D359AB100DD8F94;
			remoteInfo = HackerBooksLite;
		};
/* End PBXContainerItemProxy section */

/* Begin PBXCopyFilesBuildPhase section */
		BA965B331D9A64FC0095756B /* Embed Frameworks */ = {
			isa = PBXCopyFilesBuildPhase;
			buildActionMask = 2147483647;
			dstPath = "";
			dstSubfolderSpec = 10;
			files = (
				BA965B321D9A64FC0095756B /* RealmSwift.framework in Embed Frameworks */,
				BA965B301D9A64FC0095756B /* Realm.framework in Embed Frameworks */,
			);
			name = "Embed Frameworks";
			runOnlyForDeploymentPostprocessing = 0;
		};
/* End PBXCopyFilesBuildPhase section */

/* Begin PBXFileReference section */
		BA3A47E31D9E431900DDFDBC /* BookViewController.swift */ = {isa = PBXFileReference; fileEncoding = 4; lastKnownFileType = sourcecode.swift; path = BookViewController.swift; sourceTree = "<group>"; };
		BA3A47E41D9E431900DDFDBC /* BookViewController.xib */ = {isa = PBXFileReference; fileEncoding = 4; lastKnownFileType = file.xib; path = BookViewController.xib; sourceTree = "<group>"; };
		BA3A47E71D9E433500DDFDBC /* AnnotationsCollectionViewController.swift */ = {isa = PBXFileReference; fileEncoding = 4; lastKnownFileType = sourcecode.swift; path = AnnotationsCollectionViewController.swift; sourceTree = "<group>"; };
		BA3A47E91D9E434F00DDFDBC /* AnnotationViewController.swift */ = {isa = PBXFileReference; fileEncoding = 4; lastKnownFileType = sourcecode.swift; path = AnnotationViewController.swift; sourceTree = "<group>"; };
		BA3A47EA1D9E434F00DDFDBC /* AnnotationViewController.xib */ = {isa = PBXFileReference; fileEncoding = 4; lastKnownFileType = file.xib; path = AnnotationViewController.xib; sourceTree = "<group>"; };
		BA3CB7F31D9C3FC600FA7C6D /* String.swift */ = {isa = PBXFileReference; fileEncoding = 4; lastKnownFileType = sourcecode.swift; path = String.swift; sourceTree = "<group>"; };
		BA3CB7F51D9C407C00FA7C6D /* PresentationViewController.swift */ = {isa = PBXFileReference; fileEncoding = 4; lastKnownFileType = sourcecode.swift; path = PresentationViewController.swift; sourceTree = "<group>"; };
		BA3CB7F61D9C407C00FA7C6D /* PresentationViewController.xib */ = {isa = PBXFileReference; fileEncoding = 4; lastKnownFileType = file.xib; path = PresentationViewController.xib; sourceTree = "<group>"; };
		BA3CB7F91D9C419D00FA7C6D /* Presentation.jpg */ = {isa = PBXFileReference; lastKnownFileType = image.jpeg; path = Presentation.jpg; sourceTree = "<group>"; };
		BA3CEB801DA184A60053C047 /* PdfViewController.swift */ = {isa = PBXFileReference; fileEncoding = 4; lastKnownFileType = sourcecode.swift; path = PdfViewController.swift; sourceTree = "<group>"; };
		BA3CEB811DA184A60053C047 /* PdfViewController.xib */ = {isa = PBXFileReference; fileEncoding = 4; lastKnownFileType = file.xib; path = PdfViewController.xib; sourceTree = "<group>"; };
		BA3CEB861DA1853D0053C047 /* PhotoViewController.swift */ = {isa = PBXFileReference; fileEncoding = 4; lastKnownFileType = sourcecode.swift; path = PhotoViewController.swift; sourceTree = "<group>"; };
		BA3CEB871DA1853D0053C047 /* PhotoViewController.xib */ = {isa = PBXFileReference; fileEncoding = 4; lastKnownFileType = file.xib; path = PhotoViewController.xib; sourceTree = "<group>"; };
		BA4539611D9AF7CC007C0B0A /* BooksTableViewController.swift */ = {isa = PBXFileReference; fileEncoding = 4; lastKnownFileType = sourcecode.swift; path = BooksTableViewController.swift; sourceTree = "<group>"; };
		BA4539631D9B054A007C0B0A /* Controllers.swift */ = {isa = PBXFileReference; fileEncoding = 4; lastKnownFileType = sourcecode.swift; path = Controllers.swift; sourceTree = "<group>"; };
		BA965B2D1D9A64FC0095756B /* Realm.framework */ = {isa = PBXFileReference; lastKnownFileType = wrapper.framework; name = Realm.framework; path = ../Realm/Realm.framework; sourceTree = "<group>"; };
		BA965B2E1D9A64FC0095756B /* RealmSwift.framework */ = {isa = PBXFileReference; lastKnownFileType = wrapper.framework; name = RealmSwift.framework; path = ../Realm/RealmSwift.framework; sourceTree = "<group>"; };
		BA965B341D9A68A70095756B /* Book.swift */ = {isa = PBXFileReference; fileEncoding = 4; lastKnownFileType = sourcecode.swift; path = Book.swift; sourceTree = "<group>"; };
		BAAACE6B1DA13180005A6050 /* noImage.png */ = {isa = PBXFileReference; lastKnownFileType = image.png; path = noImage.png; sourceTree = "<group>"; };
		BAAACE711DA131CC005A6050 /* NoteCollectionViewCell.swift */ = {isa = PBXFileReference; fileEncoding = 4; lastKnownFileType = sourcecode.swift; path = NoteCollectionViewCell.swift; sourceTree = "<group>"; };
		BAAACE721DA131CC005A6050 /* NoteCollectionViewCell.xib */ = {isa = PBXFileReference; fileEncoding = 4; lastKnownFileType = file.xib; path = NoteCollectionViewCell.xib; sourceTree = "<group>"; };
		BAC28BCC1D9D986600138792 /* BookTableViewCell.swift */ = {isa = PBXFileReference; fileEncoding = 4; lastKnownFileType = sourcecode.swift; path = BookTableViewCell.swift; sourceTree = "<group>"; };
		BAC28BCD1D9D986600138792 /* BookTableViewCell.xib */ = {isa = PBXFileReference; fileEncoding = 4; lastKnownFileType = file.xib; path = BookTableViewCell.xib; sourceTree = "<group>"; };
		BAE994AC1D9ACE310078F910 /* Tag.swift */ = {isa = PBXFileReference; fileEncoding = 4; lastKnownFileType = sourcecode.swift; path = Tag.swift; sourceTree = "<group>"; };
		BAE994AE1D9ACE3D0078F910 /* Annotation.swift */ = {isa = PBXFileReference; fileEncoding = 4; lastKnownFileType = sourcecode.swift; path = Annotation.swift; sourceTree = "<group>"; };
		BAE994B01D9ACE470078F910 /* Location.swift */ = {isa = PBXFileReference; fileEncoding = 4; lastKnownFileType = sourcecode.swift; path = Location.swift; sourceTree = "<group>"; };
		BAE994B21D9ACE500078F910 /* Cover.swift */ = {isa = PBXFileReference; fileEncoding = 4; lastKnownFileType = sourcecode.swift; path = Cover.swift; sourceTree = "<group>"; };
		BAE994B41D9ACE570078F910 /* Pdf.swift */ = {isa = PBXFileReference; fileEncoding = 4; lastKnownFileType = sourcecode.swift; path = Pdf.swift; sourceTree = "<group>"; };
		BAE994B61D9ACE610078F910 /* Photo.swift */ = {isa = PBXFileReference; fileEncoding = 4; lastKnownFileType = sourcecode.swift; path = Photo.swift; sourceTree = "<group>"; };
		BAE994B81D9ACE6B0078F910 /* Author.swift */ = {isa = PBXFileReference; fileEncoding = 4; lastKnownFileType = sourcecode.swift; path = Author.swift; sourceTree = "<group>"; };
		BAE994BA1D9ADA7F0078F910 /* JsonProcessings.swift */ = {isa = PBXFileReference; fileEncoding = 4; lastKnownFileType = sourcecode.swift; path = JsonProcessings.swift; sourceTree = "<group>"; };
		ED0788C41D60E07D00C4773C /* TagTests.swift */ = {isa = PBXFileReference; fileEncoding = 4; lastKnownFileType = sourcecode.swift; path = TagTests.swift; sourceTree = "<group>"; };
		ED0788C61D60E2AF00C4773C /* BookTests.swift */ = {isa = PBXFileReference; fileEncoding = 4; lastKnownFileType = sourcecode.swift; path = BookTests.swift; sourceTree = "<group>"; };
		ED8E53FD1D359AB100DD8F94 /* HackerBooksLite.app */ = {isa = PBXFileReference; explicitFileType = wrapper.application; includeInIndex = 0; path = HackerBooksLite.app; sourceTree = BUILT_PRODUCTS_DIR; };
		ED8E54001D359AB100DD8F94 /* AppDelegate.swift */ = {isa = PBXFileReference; lastKnownFileType = sourcecode.swift; path = AppDelegate.swift; sourceTree = "<group>"; };
		ED8E54091D359AB100DD8F94 /* Assets.xcassets */ = {isa = PBXFileReference; lastKnownFileType = folder.assetcatalog; path = Assets.xcassets; sourceTree = "<group>"; };
		ED8E540C1D359AB100DD8F94 /* Base */ = {isa = PBXFileReference; lastKnownFileType = file.storyboard; name = Base; path = Base.lproj/LaunchScreen.storyboard; sourceTree = "<group>"; };
		ED8E540E1D359AB100DD8F94 /* Info.plist */ = {isa = PBXFileReference; lastKnownFileType = text.plist.xml; path = Info.plist; sourceTree = "<group>"; };
		ED8E54131D359AB100DD8F94 /* HackerBooksLiteTests.xctest */ = {isa = PBXFileReference; explicitFileType = wrapper.cfbundle; includeInIndex = 0; path = HackerBooksLiteTests.xctest; sourceTree = BUILT_PRODUCTS_DIR; };
		ED8E54191D359AB100DD8F94 /* Info.plist */ = {isa = PBXFileReference; lastKnownFileType = text.plist.xml; path = Info.plist; sourceTree = "<group>"; };
		ED8E541E1D359AB100DD8F94 /* HackerBooksLiteUITests.xctest */ = {isa = PBXFileReference; explicitFileType = wrapper.cfbundle; includeInIndex = 0; path = HackerBooksLiteUITests.xctest; sourceTree = BUILT_PRODUCTS_DIR; };
		ED8E54221D359AB100DD8F94 /* HackerBooksLiteUITests.swift */ = {isa = PBXFileReference; lastKnownFileType = sourcecode.swift; path = HackerBooksLiteUITests.swift; sourceTree = "<group>"; };
		ED8E54241D359AB100DD8F94 /* Info.plist */ = {isa = PBXFileReference; lastKnownFileType = text.plist.xml; path = Info.plist; sourceTree = "<group>"; };
		EDB3AE6B1D67E2000023A807 /* books_readable.json */ = {isa = PBXFileReference; fileEncoding = 4; lastKnownFileType = text.json; path = books_readable.json; sourceTree = "<group>"; };
		EDB3AE731D67F5ED0023A807 /* JSONTests.swift */ = {isa = PBXFileReference; fileEncoding = 4; lastKnownFileType = sourcecode.swift; path = JSONTests.swift; sourceTree = "<group>"; };
		EDB3AE751D68048D0023A807 /* emptyBookCover.png */ = {isa = PBXFileReference; lastKnownFileType = image.png; path = emptyBookCover.png; sourceTree = "<group>"; };
		EDB3AE781D6805230023A807 /* emptyPdf.pdf */ = {isa = PBXFileReference; lastKnownFileType = image.pdf; path = emptyPdf.pdf; sourceTree = "<group>"; };
		EDB3AE7C1D6A6E370023A807 /* book.json */ = {isa = PBXFileReference; fileEncoding = 4; lastKnownFileType = text.json; path = book.json; sourceTree = "<group>"; };
		EDB3AE7E1D6A79190023A807 /* LibraryTests.swift */ = {isa = PBXFileReference; fileEncoding = 4; lastKnownFileType = sourcecode.swift; path = LibraryTests.swift; sourceTree = "<group>"; };
		EDB3AE801D6A96F00023A807 /* Targaryen.png */ = {isa = PBXFileReference; lastKnownFileType = image.png; path = Targaryen.png; sourceTree = "<group>"; };
		EDC9E1781D4A724D00E4D047 /* MultiDictionaryTests.swift */ = {isa = PBXFileReference; fileEncoding = 4; lastKnownFileType = sourcecode.swift; path = MultiDictionaryTests.swift; sourceTree = "<group>"; };
		EDC9E1811D4BB39700E4D047 /* SetAndDictTests.swift */ = {isa = PBXFileReference; fileEncoding = 4; lastKnownFileType = sourcecode.swift; path = SetAndDictTests.swift; sourceTree = "<group>"; };
/* End PBXFileReference section */

/* Begin PBXFrameworksBuildPhase section */
		ED8E53FA1D359AB100DD8F94 /* Frameworks */ = {
			isa = PBXFrameworksBuildPhase;
			buildActionMask = 2147483647;
			files = (
				BA965B311D9A64FC0095756B /* RealmSwift.framework in Frameworks */,
				BA965B2F1D9A64FC0095756B /* Realm.framework in Frameworks */,
			);
			runOnlyForDeploymentPostprocessing = 0;
		};
		ED8E54101D359AB100DD8F94 /* Frameworks */ = {
			isa = PBXFrameworksBuildPhase;
			buildActionMask = 2147483647;
			files = (
			);
			runOnlyForDeploymentPostprocessing = 0;
		};
		ED8E541B1D359AB100DD8F94 /* Frameworks */ = {
			isa = PBXFrameworksBuildPhase;
			buildActionMask = 2147483647;
			files = (
			);
			runOnlyForDeploymentPostprocessing = 0;
		};
/* End PBXFrameworksBuildPhase section */

/* Begin PBXGroup section */
		BA3CB7F21D9C3FB000FA7C6D /* Extensions */ = {
			isa = PBXGroup;
			children = (
				BA4539631D9B054A007C0B0A /* Controllers.swift */,
				BA3CB7F31D9C3FC600FA7C6D /* String.swift */,
			);
			name = Extensions;
			sourceTree = "<group>";
		};
		ED4908A21D5D02BA00212410 /* Model */ = {
			isa = PBXGroup;
			children = (
				BA965B341D9A68A70095756B /* Book.swift */,
				BAE994AC1D9ACE310078F910 /* Tag.swift */,
				BAE994AE1D9ACE3D0078F910 /* Annotation.swift */,
				BAE994B01D9ACE470078F910 /* Location.swift */,
				BAE994B21D9ACE500078F910 /* Cover.swift */,
				BAE994B41D9ACE570078F910 /* Pdf.swift */,
				BAE994B61D9ACE610078F910 /* Photo.swift */,
				BAE994B81D9ACE6B0078F910 /* Author.swift */,
				BAE994BA1D9ADA7F0078F910 /* JsonProcessings.swift */,
			);
			name = Model;
			sourceTree = "<group>";
		};
		ED8E53F41D359AB100DD8F94 = {
			isa = PBXGroup;
			children = (
				ED8E53FF1D359AB100DD8F94 /* HackerBooksLite */,
				ED8E54161D359AB100DD8F94 /* HackerBooksLiteTests */,
				ED8E54211D359AB100DD8F94 /* HackerBooksLiteUITests */,
				ED8E53FE1D359AB100DD8F94 /* Products */,
			);
			sourceTree = "<group>";
		};
		ED8E53FE1D359AB100DD8F94 /* Products */ = {
			isa = PBXGroup;
			children = (
				ED8E53FD1D359AB100DD8F94 /* HackerBooksLite.app */,
				ED8E54131D359AB100DD8F94 /* HackerBooksLiteTests.xctest */,
				ED8E541E1D359AB100DD8F94 /* HackerBooksLiteUITests.xctest */,
			);
			name = Products;
			sourceTree = "<group>";
		};
		ED8E53FF1D359AB100DD8F94 /* HackerBooksLite */ = {
			isa = PBXGroup;
			children = (
				EDEFFBD51D35AAA700A5E75C /* App */,
				EDEFFBD41D35AA9D00A5E75C /* Frameworks */,
				ED8E54001D359AB100DD8F94 /* AppDelegate.swift */,
				ED8E54091D359AB100DD8F94 /* Assets.xcassets */,
				ED8E540B1D359AB100DD8F94 /* LaunchScreen.storyboard */,
				ED8E540E1D359AB100DD8F94 /* Info.plist */,
			);
			path = HackerBooksLite;
			sourceTree = "<group>";
		};
		ED8E54161D359AB100DD8F94 /* HackerBooksLiteTests */ = {
			isa = PBXGroup;
			children = (
				EDB3AE7B1D6A6E180023A807 /* Resources */,
				EDC9E17B1D4A74A000E4D047 /* App */,
				EDC9E17A1D4A748900E4D047 /* Framework */,
				ED8E54191D359AB100DD8F94 /* Info.plist */,
			);
			path = HackerBooksLiteTests;
			sourceTree = "<group>";
		};
		ED8E54211D359AB100DD8F94 /* HackerBooksLiteUITests */ = {
			isa = PBXGroup;
			children = (
				ED8E54221D359AB100DD8F94 /* HackerBooksLiteUITests.swift */,
				ED8E54241D359AB100DD8F94 /* Info.plist */,
			);
			path = HackerBooksLiteUITests;
			sourceTree = "<group>";
		};
		EDA79C591D66A226001A27F7 /* Controllers */ = {
			isa = PBXGroup;
			children = (
				BA4539611D9AF7CC007C0B0A /* BooksTableViewController.swift */,
				BA3CB7F51D9C407C00FA7C6D /* PresentationViewController.swift */,
				BA3CB7F61D9C407C00FA7C6D /* PresentationViewController.xib */,
				BA3A47E31D9E431900DDFDBC /* BookViewController.swift */,
				BA3A47E41D9E431900DDFDBC /* BookViewController.xib */,
				BA3A47E71D9E433500DDFDBC /* AnnotationsCollectionViewController.swift */,
				BA3A47E91D9E434F00DDFDBC /* AnnotationViewController.swift */,
				BA3A47EA1D9E434F00DDFDBC /* AnnotationViewController.xib */,
				BA3CEB801DA184A60053C047 /* PdfViewController.swift */,
				BA3CEB811DA184A60053C047 /* PdfViewController.xib */,
				BA3CEB861DA1853D0053C047 /* PhotoViewController.swift */,
				BA3CEB871DA1853D0053C047 /* PhotoViewController.xib */,
			);
			name = Controllers;
			sourceTree = "<group>";
		};
		EDB3AE7B1D6A6E180023A807 /* Resources */ = {
			isa = PBXGroup;
			children = (
				EDB3AE801D6A96F00023A807 /* Targaryen.png */,
				EDB3AE7C1D6A6E370023A807 /* book.json */,
			);
			name = Resources;
			sourceTree = "<group>";
		};
		EDB3AE8A1D6BC7950023A807 /* Views */ = {
			isa = PBXGroup;
			children = (
				BAC28BCC1D9D986600138792 /* BookTableViewCell.swift */,
				BAC28BCD1D9D986600138792 /* BookTableViewCell.xib */,
				BAAACE711DA131CC005A6050 /* NoteCollectionViewCell.swift */,
				BAAACE721DA131CC005A6050 /* NoteCollectionViewCell.xib */,
			);
			name = Views;
			sourceTree = "<group>";
		};
		EDC9E17A1D4A748900E4D047 /* Framework */ = {
			isa = PBXGroup;
			children = (
				EDC9E1811D4BB39700E4D047 /* SetAndDictTests.swift */,
			);
			name = Framework;
			sourceTree = "<group>";
		};
		EDC9E17B1D4A74A000E4D047 /* App */ = {
			isa = PBXGroup;
			children = (
				EDB3AE7E1D6A79190023A807 /* LibraryTests.swift */,
				EDC9E1781D4A724D00E4D047 /* MultiDictionaryTests.swift */,
				ED0788C41D60E07D00C4773C /* TagTests.swift */,
				ED0788C61D60E2AF00C4773C /* BookTests.swift */,
				EDB3AE731D67F5ED0023A807 /* JSONTests.swift */,
			);
			name = App;
			sourceTree = "<group>";
		};
		EDEFFBD41D35AA9D00A5E75C /* Frameworks */ = {
			isa = PBXGroup;
			children = (
				BA965B2D1D9A64FC0095756B /* Realm.framework */,
				BA965B2E1D9A64FC0095756B /* RealmSwift.framework */,
			);
			name = Frameworks;
			sourceTree = "<group>";
		};
		EDEFFBD51D35AAA700A5E75C /* App */ = {
			isa = PBXGroup;
			children = (
				BA3CB7F21D9C3FB000FA7C6D /* Extensions */,
				EDA79C591D66A226001A27F7 /* Controllers */,
				ED4908A21D5D02BA00212410 /* Model */,
				EDEFFBD61D35AAB300A5E75C /* Resources */,
				EDB3AE8A1D6BC7950023A807 /* Views */,
			);
			name = App;
			sourceTree = "<group>";
		};
		EDEFFBD61D35AAB300A5E75C /* Resources */ = {
			isa = PBXGroup;
			children = (
				BAAACE6B1DA13180005A6050 /* noImage.png */,
				EDB3AE751D68048D0023A807 /* emptyBookCover.png */,
				EDB3AE781D6805230023A807 /* emptyPdf.pdf */,
				BA3CB7F91D9C419D00FA7C6D /* Presentation.jpg */,
				EDB3AE6B1D67E2000023A807 /* books_readable.json */,
			);
			name = Resources;
			sourceTree = "<group>";
		};
/* End PBXGroup section */

/* Begin PBXNativeTarget section */
		ED8E53FC1D359AB100DD8F94 /* HackerBooksLite */ = {
			isa = PBXNativeTarget;
			buildConfigurationList = ED8E54271D359AB100DD8F94 /* Build configuration list for PBXNativeTarget "HackerBooksLite" */;
			buildPhases = (
				ED8E53F91D359AB100DD8F94 /* Sources */,
				ED8E53FA1D359AB100DD8F94 /* Frameworks */,
				ED8E53FB1D359AB100DD8F94 /* Resources */,
				BA965B331D9A64FC0095756B /* Embed Frameworks */,
			);
			buildRules = (
			);
			dependencies = (
			);
			name = HackerBooksLite;
			productName = HackerBooksLite;
			productReference = ED8E53FD1D359AB100DD8F94 /* HackerBooksLite.app */;
			productType = "com.apple.product-type.application";
		};
		ED8E54121D359AB100DD8F94 /* HackerBooksLiteTests */ = {
			isa = PBXNativeTarget;
			buildConfigurationList = ED8E542A1D359AB100DD8F94 /* Build configuration list for PBXNativeTarget "HackerBooksLiteTests" */;
			buildPhases = (
				ED8E540F1D359AB100DD8F94 /* Sources */,
				ED8E54101D359AB100DD8F94 /* Frameworks */,
				ED8E54111D359AB100DD8F94 /* Resources */,
			);
			buildRules = (
			);
			dependencies = (
				ED8E54151D359AB100DD8F94 /* PBXTargetDependency */,
			);
			name = HackerBooksLiteTests;
			productName = HackerBooksLiteTests;
			productReference = ED8E54131D359AB100DD8F94 /* HackerBooksLiteTests.xctest */;
			productType = "com.apple.product-type.bundle.unit-test";
		};
		ED8E541D1D359AB100DD8F94 /* HackerBooksLiteUITests */ = {
			isa = PBXNativeTarget;
			buildConfigurationList = ED8E542D1D359AB100DD8F94 /* Build configuration list for PBXNativeTarget "HackerBooksLiteUITests" */;
			buildPhases = (
				ED8E541A1D359AB100DD8F94 /* Sources */,
				ED8E541B1D359AB100DD8F94 /* Frameworks */,
				ED8E541C1D359AB100DD8F94 /* Resources */,
			);
			buildRules = (
			);
			dependencies = (
				ED8E54201D359AB100DD8F94 /* PBXTargetDependency */,
			);
			name = HackerBooksLiteUITests;
			productName = HackerBooksLiteUITests;
			productReference = ED8E541E1D359AB100DD8F94 /* HackerBooksLiteUITests.xctest */;
			productType = "com.apple.product-type.bundle.ui-testing";
		};
/* End PBXNativeTarget section */

/* Begin PBXProject section */
		ED8E53F51D359AB100DD8F94 /* Project object */ = {
			isa = PBXProject;
			attributes = {
				LastSwiftUpdateCheck = 0800;
				LastUpgradeCheck = 0800;
				ORGANIZATIONNAME = KeepCoding;
				TargetAttributes = {
					ED8E53FC1D359AB100DD8F94 = {
						CreatedOnToolsVersion = 8.0;
						DevelopmentTeam = 4J84E2C65J;
						DevelopmentTeamName = "Fernando Rodríguez Romero (Personal Team)";
						ProvisioningStyle = Automatic;
					};
					ED8E54121D359AB100DD8F94 = {
						CreatedOnToolsVersion = 8.0;
						DevelopmentTeam = SBRX27874T;
						DevelopmentTeamName = "AGBO Business Architecture, SL";
						ProvisioningStyle = Automatic;
						TestTargetID = ED8E53FC1D359AB100DD8F94;
					};
					ED8E541D1D359AB100DD8F94 = {
						CreatedOnToolsVersion = 8.0;
						DevelopmentTeam = SBRX27874T;
						DevelopmentTeamName = "AGBO Business Architecture, SL";
						ProvisioningStyle = Automatic;
						TestTargetID = ED8E53FC1D359AB100DD8F94;
					};
				};
			};
			buildConfigurationList = ED8E53F81D359AB100DD8F94 /* Build configuration list for PBXProject "HackerBooksLite" */;
			compatibilityVersion = "Xcode 3.2";
			developmentRegion = English;
			hasScannedForEncodings = 0;
			knownRegions = (
				en,
				Base,
			);
			mainGroup = ED8E53F41D359AB100DD8F94;
			productRefGroup = ED8E53FE1D359AB100DD8F94 /* Products */;
			projectDirPath = "";
			projectRoot = "";
			targets = (
				ED8E53FC1D359AB100DD8F94 /* HackerBooksLite */,
				ED8E54121D359AB100DD8F94 /* HackerBooksLiteTests */,
				ED8E541D1D359AB100DD8F94 /* HackerBooksLiteUITests */,
			);
		};
/* End PBXProject section */

/* Begin PBXResourcesBuildPhase section */
		ED8E53FB1D359AB100DD8F94 /* Resources */ = {
			isa = PBXResourcesBuildPhase;
			buildActionMask = 2147483647;
			files = (
				BA3CB7FA1D9C419D00FA7C6D /* Presentation.jpg in Resources */,
				BA3A47EC1D9E434F00DDFDBC /* AnnotationViewController.xib in Resources */,
				EDB3AE6C1D67E2000023A807 /* books_readable.json in Resources */,
				EDB3AE791D6805230023A807 /* emptyPdf.pdf in Resources */,
				BAAACE741DA131CC005A6050 /* NoteCollectionViewCell.xib in Resources */,
				ED8E540D1D359AB100DD8F94 /* LaunchScreen.storyboard in Resources */,
				BA3CEB831DA184A60053C047 /* PdfViewController.xib in Resources */,
				BAAACE6C1DA13180005A6050 /* noImage.png in Resources */,
				BAC28BCF1D9D986600138792 /* BookTableViewCell.xib in Resources */,
				BA3CEB891DA1853D0053C047 /* PhotoViewController.xib in Resources */,
				BA3A47E61D9E431900DDFDBC /* BookViewController.xib in Resources */,
				ED8E540A1D359AB100DD8F94 /* Assets.xcassets in Resources */,
				BA3CB7F81D9C407C00FA7C6D /* PresentationViewController.xib in Resources */,
				EDB3AE761D68048D0023A807 /* emptyBookCover.png in Resources */,
			);
			runOnlyForDeploymentPostprocessing = 0;
		};
		ED8E54111D359AB100DD8F94 /* Resources */ = {
			isa = PBXResourcesBuildPhase;
			buildActionMask = 2147483647;
			files = (
				EDB3AE6D1D67E2000023A807 /* books_readable.json in Resources */,
				EDB3AE7A1D6805230023A807 /* emptyPdf.pdf in Resources */,
				EDB3AE771D68048D0023A807 /* emptyBookCover.png in Resources */,
				EDB3AE7D1D6A6E370023A807 /* book.json in Resources */,
				EDB3AE811D6A96F00023A807 /* Targaryen.png in Resources */,
			);
			runOnlyForDeploymentPostprocessing = 0;
		};
		ED8E541C1D359AB100DD8F94 /* Resources */ = {
			isa = PBXResourcesBuildPhase;
			buildActionMask = 2147483647;
			files = (
			);
			runOnlyForDeploymentPostprocessing = 0;
		};
/* End PBXResourcesBuildPhase section */

/* Begin PBXSourcesBuildPhase section */
		ED8E53F91D359AB100DD8F94 /* Sources */ = {
			isa = PBXSourcesBuildPhase;
			buildActionMask = 2147483647;
			files = (
				BAE994B91D9ACE6B0078F910 /* Author.swift in Sources */,
				BA3CB7F41D9C3FC600FA7C6D /* String.swift in Sources */,
				BAE994B31D9ACE500078F910 /* Cover.swift in Sources */,
				BAE994B51D9ACE570078F910 /* Pdf.swift in Sources */,
				BAE994B11D9ACE470078F910 /* Location.swift in Sources */,
				BAE994B71D9ACE610078F910 /* Photo.swift in Sources */,
				BAAACE731DA131CC005A6050 /* NoteCollectionViewCell.swift in Sources */,
				BA965B351D9A68A70095756B /* Book.swift in Sources */,
				BAE994BB1D9ADA7F0078F910 /* JsonProcessings.swift in Sources */,
				BA4539641D9B054A007C0B0A /* Controllers.swift in Sources */,
				ED8E54011D359AB100DD8F94 /* AppDelegate.swift in Sources */,
				BA3CEB881DA1853D0053C047 /* PhotoViewController.swift in Sources */,
				BAE994AF1D9ACE3D0078F910 /* Annotation.swift in Sources */,
				BA3A47E81D9E433500DDFDBC /* AnnotationsCollectionViewController.swift in Sources */,
				BAE994AD1D9ACE310078F910 /* Tag.swift in Sources */,
				BA3CB7F71D9C407C00FA7C6D /* PresentationViewController.swift in Sources */,
				BA3CEB821DA184A60053C047 /* PdfViewController.swift in Sources */,
				BA3A47E51D9E431900DDFDBC /* BookViewController.swift in Sources */,
				BA3A47EB1D9E434F00DDFDBC /* AnnotationViewController.swift in Sources */,
				BAC28BCE1D9D986600138792 /* BookTableViewCell.swift in Sources */,
				BA4539621D9AF7CC007C0B0A /* BooksTableViewController.swift in Sources */,
			);
			runOnlyForDeploymentPostprocessing = 0;
		};
		ED8E540F1D359AB100DD8F94 /* Sources */ = {
			isa = PBXSourcesBuildPhase;
			buildActionMask = 2147483647;
			files = (
				EDC9E1821D4BB39700E4D047 /* SetAndDictTests.swift in Sources */,
				EDB3AE7F1D6A79190023A807 /* LibraryTests.swift in Sources */,
				ED0788C71D60E2AF00C4773C /* BookTests.swift in Sources */,
				EDB3AE741D67F5ED0023A807 /* JSONTests.swift in Sources */,
				ED0788C51D60E07D00C4773C /* TagTests.swift in Sources */,
				EDC9E1791D4A724D00E4D047 /* MultiDictionaryTests.swift in Sources */,
			);
			runOnlyForDeploymentPostprocessing = 0;
		};
		ED8E541A1D359AB100DD8F94 /* Sources */ = {
			isa = PBXSourcesBuildPhase;
			buildActionMask = 2147483647;
			files = (
				ED8E54231D359AB100DD8F94 /* HackerBooksLiteUITests.swift in Sources */,
			);
			runOnlyForDeploymentPostprocessing = 0;
		};
/* End PBXSourcesBuildPhase section */

/* Begin PBXTargetDependency section */
		ED8E54151D359AB100DD8F94 /* PBXTargetDependency */ = {
			isa = PBXTargetDependency;
			target = ED8E53FC1D359AB100DD8F94 /* HackerBooksLite */;
			targetProxy = ED8E54141D359AB100DD8F94 /* PBXContainerItemProxy */;
		};
		ED8E54201D359AB100DD8F94 /* PBXTargetDependency */ = {
			isa = PBXTargetDependency;
			target = ED8E53FC1D359AB100DD8F94 /* HackerBooksLite */;
			targetProxy = ED8E541F1D359AB100DD8F94 /* PBXContainerItemProxy */;
		};
/* End PBXTargetDependency section */

/* Begin PBXVariantGroup section */
		ED8E540B1D359AB100DD8F94 /* LaunchScreen.storyboard */ = {
			isa = PBXVariantGroup;
			children = (
				ED8E540C1D359AB100DD8F94 /* Base */,
			);
			name = LaunchScreen.storyboard;
			sourceTree = "<group>";
		};
/* End PBXVariantGroup section */

/* Begin XCBuildConfiguration section */
		ED8E54251D359AB100DD8F94 /* Debug */ = {
			isa = XCBuildConfiguration;
			buildSettings = {
				ALWAYS_SEARCH_USER_PATHS = NO;
				CLANG_ANALYZER_NONNULL = YES;
				CLANG_CXX_LANGUAGE_STANDARD = "gnu++0x";
				CLANG_CXX_LIBRARY = "libc++";
				CLANG_ENABLE_MODULES = YES;
				CLANG_ENABLE_OBJC_ARC = YES;
				CLANG_WARN_BOOL_CONVERSION = YES;
				CLANG_WARN_CONSTANT_CONVERSION = YES;
				CLANG_WARN_DIRECT_OBJC_ISA_USAGE = YES_ERROR;
				CLANG_WARN_DOCUMENTATION_COMMENTS = YES;
				CLANG_WARN_EMPTY_BODY = YES;
				CLANG_WARN_ENUM_CONVERSION = YES;
				CLANG_WARN_INT_CONVERSION = YES;
				CLANG_WARN_OBJC_ROOT_CLASS = YES_ERROR;
				CLANG_WARN_UNREACHABLE_CODE = YES;
				CLANG_WARN__DUPLICATE_METHOD_MATCH = YES;
				"CODE_SIGN_IDENTITY[sdk=iphoneos*]" = "iPhone Developer";
				COPY_PHASE_STRIP = NO;
				DEBUG_INFORMATION_FORMAT = dwarf;
				ENABLE_STRICT_OBJC_MSGSEND = YES;
				ENABLE_TESTABILITY = YES;
				GCC_C_LANGUAGE_STANDARD = gnu99;
				GCC_DYNAMIC_NO_PIC = NO;
				GCC_NO_COMMON_BLOCKS = YES;
				GCC_OPTIMIZATION_LEVEL = 0;
				GCC_PREPROCESSOR_DEFINITIONS = (
					"DEBUG=1",
					"$(inherited)",
				);
				GCC_WARN_64_TO_32_BIT_CONVERSION = YES;
				GCC_WARN_ABOUT_RETURN_TYPE = YES_ERROR;
				GCC_WARN_UNDECLARED_SELECTOR = YES;
				GCC_WARN_UNINITIALIZED_AUTOS = YES_AGGRESSIVE;
				GCC_WARN_UNUSED_FUNCTION = YES;
				GCC_WARN_UNUSED_VARIABLE = YES;
				IPHONEOS_DEPLOYMENT_TARGET = 10.0;
				MTL_ENABLE_DEBUG_INFO = YES;
				ONLY_ACTIVE_ARCH = YES;
				SDKROOT = iphoneos;
				SWIFT_ACTIVE_COMPILATION_CONDITIONS = DEBUG;
				SWIFT_OPTIMIZATION_LEVEL = "-Onone";
				TARGETED_DEVICE_FAMILY = "1,2";
			};
			name = Debug;
		};
		ED8E54261D359AB100DD8F94 /* Release */ = {
			isa = XCBuildConfiguration;
			buildSettings = {
				ALWAYS_SEARCH_USER_PATHS = NO;
				CLANG_ANALYZER_NONNULL = YES;
				CLANG_CXX_LANGUAGE_STANDARD = "gnu++0x";
				CLANG_CXX_LIBRARY = "libc++";
				CLANG_ENABLE_MODULES = YES;
				CLANG_ENABLE_OBJC_ARC = YES;
				CLANG_WARN_BOOL_CONVERSION = YES;
				CLANG_WARN_CONSTANT_CONVERSION = YES;
				CLANG_WARN_DIRECT_OBJC_ISA_USAGE = YES_ERROR;
				CLANG_WARN_DOCUMENTATION_COMMENTS = YES;
				CLANG_WARN_EMPTY_BODY = YES;
				CLANG_WARN_ENUM_CONVERSION = YES;
				CLANG_WARN_INT_CONVERSION = YES;
				CLANG_WARN_OBJC_ROOT_CLASS = YES_ERROR;
				CLANG_WARN_UNREACHABLE_CODE = YES;
				CLANG_WARN__DUPLICATE_METHOD_MATCH = YES;
				"CODE_SIGN_IDENTITY[sdk=iphoneos*]" = "iPhone Developer";
				COPY_PHASE_STRIP = NO;
				DEBUG_INFORMATION_FORMAT = "dwarf-with-dsym";
				ENABLE_NS_ASSERTIONS = NO;
				ENABLE_STRICT_OBJC_MSGSEND = YES;
				GCC_C_LANGUAGE_STANDARD = gnu99;
				GCC_NO_COMMON_BLOCKS = YES;
				GCC_WARN_64_TO_32_BIT_CONVERSION = YES;
				GCC_WARN_ABOUT_RETURN_TYPE = YES_ERROR;
				GCC_WARN_UNDECLARED_SELECTOR = YES;
				GCC_WARN_UNINITIALIZED_AUTOS = YES_AGGRESSIVE;
				GCC_WARN_UNUSED_FUNCTION = YES;
				GCC_WARN_UNUSED_VARIABLE = YES;
				IPHONEOS_DEPLOYMENT_TARGET = 10.0;
				MTL_ENABLE_DEBUG_INFO = NO;
				SDKROOT = iphoneos;
				SWIFT_OPTIMIZATION_LEVEL = "-Owholemodule";
				TARGETED_DEVICE_FAMILY = "1,2";
				VALIDATE_PRODUCT = YES;
			};
			name = Release;
		};
		ED8E54281D359AB100DD8F94 /* Debug */ = {
			isa = XCBuildConfiguration;
			buildSettings = {
				ASSETCATALOG_COMPILER_APPICON_NAME = AppIcon;
				DEVELOPMENT_TEAM = 4J84E2C65J;
				FRAMEWORK_SEARCH_PATHS = (
					"$(inherited)",
					"$(PROJECT_DIR)/Realm",
				);
				INFOPLIST_FILE = HackerBooksLite/Info.plist;
				LD_RUNPATH_SEARCH_PATHS = "$(inherited) @executable_path/Frameworks";
				PRODUCT_BUNDLE_IDENTIFIER = skurt23.HackerBooksPro;
				PRODUCT_NAME = "$(TARGET_NAME)";
				SWIFT_VERSION = 3.0;
			};
			name = Debug;
		};
		ED8E54291D359AB100DD8F94 /* Release */ = {
			isa = XCBuildConfiguration;
			buildSettings = {
				ASSETCATALOG_COMPILER_APPICON_NAME = AppIcon;
				DEVELOPMENT_TEAM = 4J84E2C65J;
				FRAMEWORK_SEARCH_PATHS = (
					"$(inherited)",
					"$(PROJECT_DIR)/Realm",
				);
				INFOPLIST_FILE = HackerBooksLite/Info.plist;
				LD_RUNPATH_SEARCH_PATHS = "$(inherited) @executable_path/Frameworks";
				PRODUCT_BUNDLE_IDENTIFIER = skurt23.HackerBooksPro;
				PRODUCT_NAME = "$(TARGET_NAME)";
				SWIFT_VERSION = 3.0;
			};
			name = Release;
		};
		ED8E542B1D359AB100DD8F94 /* Debug */ = {
			isa = XCBuildConfiguration;
			buildSettings = {
				BUNDLE_LOADER = "$(TEST_HOST)";
				INFOPLIST_FILE = HackerBooksLiteTests/Info.plist;
				LD_RUNPATH_SEARCH_PATHS = "$(inherited) @executable_path/Frameworks @loader_path/Frameworks";
				PRODUCT_BUNDLE_IDENTIFIER = io.Keepcoding.HackerBooksLiteTests;
				PRODUCT_NAME = "$(TARGET_NAME)";
				SWIFT_VERSION = 3.0;
				TEST_HOST = "$(BUILT_PRODUCTS_DIR)/HackerBooksLite.app/HackerBooksLite";
			};
			name = Debug;
		};
		ED8E542C1D359AB100DD8F94 /* Release */ = {
			isa = XCBuildConfiguration;
			buildSettings = {
				BUNDLE_LOADER = "$(TEST_HOST)";
				INFOPLIST_FILE = HackerBooksLiteTests/Info.plist;
				LD_RUNPATH_SEARCH_PATHS = "$(inherited) @executable_path/Frameworks @loader_path/Frameworks";
				PRODUCT_BUNDLE_IDENTIFIER = io.Keepcoding.HackerBooksLiteTests;
				PRODUCT_NAME = "$(TARGET_NAME)";
				SWIFT_VERSION = 3.0;
				TEST_HOST = "$(BUILT_PRODUCTS_DIR)/HackerBooksLite.app/HackerBooksLite";
			};
			name = Release;
		};
		ED8E542E1D359AB100DD8F94 /* Debug */ = {
			isa = XCBuildConfiguration;
			buildSettings = {
				INFOPLIST_FILE = HackerBooksLiteUITests/Info.plist;
				LD_RUNPATH_SEARCH_PATHS = "$(inherited) @executable_path/Frameworks @loader_path/Frameworks";
				PRODUCT_BUNDLE_IDENTIFIER = io.Keepcoding.HackerBooksLiteUITests;
				PRODUCT_NAME = "$(TARGET_NAME)";
				SWIFT_VERSION = 3.0;
				TEST_TARGET_NAME = HackerBooksLite;
			};
			name = Debug;
		};
		ED8E542F1D359AB100DD8F94 /* Release */ = {
			isa = XCBuildConfiguration;
			buildSettings = {
				INFOPLIST_FILE = HackerBooksLiteUITests/Info.plist;
				LD_RUNPATH_SEARCH_PATHS = "$(inherited) @executable_path/Frameworks @loader_path/Frameworks";
				PRODUCT_BUNDLE_IDENTIFIER = io.Keepcoding.HackerBooksLiteUITests;
				PRODUCT_NAME = "$(TARGET_NAME)";
				SWIFT_VERSION = 3.0;
				TEST_TARGET_NAME = HackerBooksLite;
			};
			name = Release;
		};
/* End XCBuildConfiguration section */

/* Begin XCConfigurationList section */
		ED8E53F81D359AB100DD8F94 /* Build configuration list for PBXProject "HackerBooksLite" */ = {
			isa = XCConfigurationList;
			buildConfigurations = (
				ED8E54251D359AB100DD8F94 /* Debug */,
				ED8E54261D359AB100DD8F94 /* Release */,
			);
			defaultConfigurationIsVisible = 0;
			defaultConfigurationName = Release;
		};
		ED8E54271D359AB100DD8F94 /* Build configuration list for PBXNativeTarget "HackerBooksLite" */ = {
			isa = XCConfigurationList;
			buildConfigurations = (
				ED8E54281D359AB100DD8F94 /* Debug */,
				ED8E54291D359AB100DD8F94 /* Release */,
			);
			defaultConfigurationIsVisible = 0;
			defaultConfigurationName = Release;
		};
		ED8E542A1D359AB100DD8F94 /* Build configuration list for PBXNativeTarget "HackerBooksLiteTests" */ = {
			isa = XCConfigurationList;
			buildConfigurations = (
				ED8E542B1D359AB100DD8F94 /* Debug */,
				ED8E542C1D359AB100DD8F94 /* Release */,
			);
			defaultConfigurationIsVisible = 0;
			defaultConfigurationName = Release;
		};
		ED8E542D1D359AB100DD8F94 /* Build configuration list for PBXNativeTarget "HackerBooksLiteUITests" */ = {
			isa = XCConfigurationList;
			buildConfigurations = (
				ED8E542E1D359AB100DD8F94 /* Debug */,
				ED8E542F1D359AB100DD8F94 /* Release */,
			);
			defaultConfigurationIsVisible = 0;
			defaultConfigurationName = Release;
		};
/* End XCConfigurationList section */
	};
	rootObject = ED8E53F51D359AB100DD8F94 /* Project object */;
}
